
Microsoft Visual Studio Solution File, Format Version 12.00
# Visual Studio Version 17
VisualStudioVersion = 17.6.33829.357
MinimumVisualStudioVersion = 10.0.40219.1
Project("{FAE04EC0-301F-11D3-BF4B-00C04F79EFBC}") = "PropiedadesDeAcceso", "PropiedadesDeAcceso.csproj", "{BAD6E8DA-91F6-40EE-98D0-B5F07BA6D60B}"
EndProject
Global
	GlobalSection(SolutionConfigurationPlatforms) = preSolution
		Debug|Any CPU = Debug|Any CPU
		Release|Any CPU = Release|Any CPU
	EndGlobalSection
	GlobalSection(ProjectConfigurationPlatforms) = postSolution
		{BAD6E8DA-91F6-40EE-98D0-B5F07BA6D60B}.Debug|Any CPU.ActiveCfg = Debug|Any CPU
		{BAD6E8DA-91F6-40EE-98D0-B5F07BA6D60B}.Debug|Any CPU.Build.0 = Debug|Any CPU
		{BAD6E8DA-91F6-40EE-98D0-B5F07BA6D60B}.Release|Any CPU.ActiveCfg = Release|Any CPU
		{BAD6E8DA-91F6-40EE-98D0-B5F07BA6D60B}.Release|Any CPU.Build.0 = Release|Any CPU
	EndGlobalSection
	GlobalSection(SolutionProperties) = preSolution
		HideSolutionNode = FALSE
	EndGlobalSection
	GlobalSection(ExtensibilityGlobals) = postSolution
		SolutionGuid = {66162884-1FEB-417A-89A3-B01321F067EA}
	EndGlobalSection
EndGlobal
